
Microsoft Visual Studio Solution File, Format Version 12.00
# Visual Studio Version 17
VisualStudioVersion = 17.9.34728.123
MinimumVisualStudioVersion = 10.0.40219.1
Project("{FAE04EC0-301F-11D3-BF4B-00C04F79EFBC}") = "BulkyWeb", "BulkyWeb\BulkyWeb.csproj", "{57A87DB0-2EAE-4FBE-9890-4AE450B621C9}"
EndProject
Global
	GlobalSection(SolutionConfigurationPlatforms) = preSolution
		Debug|Any CPU = Debug|Any CPU
		Release|Any CPU = Release|Any CPU
	EndGlobalSection
	GlobalSection(ProjectConfigurationPlatforms) = postSolution
		{57A87DB0-2EAE-4FBE-9890-4AE450B621C9}.Debug|Any CPU.ActiveCfg = Debug|Any CPU
		{57A87DB0-2EAE-4FBE-9890-4AE450B621C9}.Debug|Any CPU.Build.0 = Debug|Any CPU
		{57A87DB0-2EAE-4FBE-9890-4AE450B621C9}.Release|Any CPU.ActiveCfg = Release|Any CPU
		{57A87DB0-2EAE-4FBE-9890-4AE450B621C9}.Release|Any CPU.Build.0 = Release|Any CPU
	EndGlobalSection
	GlobalSection(SolutionProperties) = preSolution
		HideSolutionNode = FALSE
	EndGlobalSection
	GlobalSection(ExtensibilityGlobals) = postSolution
		SolutionGuid = {1745BBE5-72EA-4ECD-96DF-13D0A7740457}
	EndGlobalSection
EndGlobal
